
Microsoft Visual Studio Solution File, Format Version 12.00
# Visual Studio Version 17
VisualStudioVersion = 17.1.32328.378
MinimumVisualStudioVersion = 10.0.40219.1
Project("{FAE04EC0-301F-11D3-BF4B-00C04F79EFBC}") = "HappyCats", "HappyCats\HappyCats.csproj", "{F992B1D1-F243-4C0B-B5DF-7E5A73E86E3B}"
EndProject
Global
	GlobalSection(SolutionConfigurationPlatforms) = preSolution
		Debug|Any CPU = Debug|Any CPU
		Release|Any CPU = Release|Any CPU
	EndGlobalSection
	GlobalSection(ProjectConfigurationPlatforms) = postSolution
		{F992B1D1-F243-4C0B-B5DF-7E5A73E86E3B}.Debug|Any CPU.ActiveCfg = Debug|Any CPU
		{F992B1D1-F243-4C0B-B5DF-7E5A73E86E3B}.Debug|Any CPU.Build.0 = Debug|Any CPU
		{F992B1D1-F243-4C0B-B5DF-7E5A73E86E3B}.Release|Any CPU.ActiveCfg = Release|Any CPU
		{F992B1D1-F243-4C0B-B5DF-7E5A73E86E3B}.Release|Any CPU.Build.0 = Release|Any CPU
	EndGlobalSection
	GlobalSection(SolutionProperties) = preSolution
		HideSolutionNode = FALSE
	EndGlobalSection
	GlobalSection(ExtensibilityGlobals) = postSolution
		SolutionGuid = {4918F4F2-A538-4DC3-BD91-A4C2AA5FB239}
	EndGlobalSection
EndGlobal
