
Microsoft Visual Studio Solution File, Format Version 12.00
# Visual Studio Version 17
VisualStudioVersion = 17.1.32328.378
MinimumVisualStudioVersion = 10.0.40219.1
Project("{FAE04EC0-301F-11D3-BF4B-00C04F79EFBC}") = "ConsoleApp1", "ConsoleApp1\ConsoleApp1.csproj", "{CBCEC6E9-C6F5-470D-8044-12B90450D6C5}"
EndProject
Global
	GlobalSection(SolutionConfigurationPlatforms) = preSolution
		Debug|Any CPU = Debug|Any CPU
		Release|Any CPU = Release|Any CPU
	EndGlobalSection
	GlobalSection(ProjectConfigurationPlatforms) = postSolution
		{CBCEC6E9-C6F5-470D-8044-12B90450D6C5}.Debug|Any CPU.ActiveCfg = Debug|Any CPU
		{CBCEC6E9-C6F5-470D-8044-12B90450D6C5}.Debug|Any CPU.Build.0 = Debug|Any CPU
		{CBCEC6E9-C6F5-470D-8044-12B90450D6C5}.Release|Any CPU.ActiveCfg = Release|Any CPU
		{CBCEC6E9-C6F5-470D-8044-12B90450D6C5}.Release|Any CPU.Build.0 = Release|Any CPU
	EndGlobalSection
	GlobalSection(SolutionProperties) = preSolution
		HideSolutionNode = FALSE
	EndGlobalSection
	GlobalSection(ExtensibilityGlobals) = postSolution
		SolutionGuid = {E798E119-C890-4C79-9503-1683287D6BDC}
	EndGlobalSection
EndGlobal
